
Microsoft Visual Studio Solution File, Format Version 12.00
# Visual Studio Version 17
VisualStudioVersion = 17.6.33815.320
MinimumVisualStudioVersion = 10.0.40219.1
Project("{FAE04EC0-301F-11D3-BF4B-00C04F79EFBC}") = "roadmap-ccis", "ccis-roadmap\roadmap-ccis.csproj", "{9468341F-2485-4732-9C0D-F8EA4D1169B3}"
EndProject
Global
	GlobalSection(SolutionConfigurationPlatforms) = preSolution
		Debug|Any CPU = Debug|Any CPU
		Release|Any CPU = Release|Any CPU
	EndGlobalSection
	GlobalSection(ProjectConfigurationPlatforms) = postSolution
		{9468341F-2485-4732-9C0D-F8EA4D1169B3}.Debug|Any CPU.ActiveCfg = Debug|Any CPU
		{9468341F-2485-4732-9C0D-F8EA4D1169B3}.Debug|Any CPU.Build.0 = Debug|Any CPU
		{9468341F-2485-4732-9C0D-F8EA4D1169B3}.Release|Any CPU.ActiveCfg = Release|Any CPU
		{9468341F-2485-4732-9C0D-F8EA4D1169B3}.Release|Any CPU.Build.0 = Release|Any CPU
	EndGlobalSection
	GlobalSection(SolutionProperties) = preSolution
		HideSolutionNode = FALSE
	EndGlobalSection
	GlobalSection(ExtensibilityGlobals) = postSolution
		SolutionGuid = {9BB7D750-8F0A-412C-947A-3954540F1ABF}
	EndGlobalSection
EndGlobal
